
Microsoft Visual Studio Solution File, Format Version 12.00
# Visual Studio Version 17
VisualStudioVersion = 17.2.32526.322
MinimumVisualStudioVersion = 10.0.40219.1
Project("{2150E333-8FDC-42A3-9474-1A3956D46DE8}") = "src", "src", "{F5FA60A6-CF1C-48BA-9426-24D775405C09}"
EndProject
Project("{FAE04EC0-301F-11D3-BF4B-00C04F79EFBC}") = "RLH.Result", "src\RLH.Result\RLH.Result.csproj", "{6D410526-977E-4D58-A388-C6F07839B8E9}"
EndProject
Global
	GlobalSection(SolutionConfigurationPlatforms) = preSolution
		Debug|Any CPU = Debug|Any CPU
		Release|Any CPU = Release|Any CPU
	EndGlobalSection
	GlobalSection(ProjectConfigurationPlatforms) = postSolution
		{6D410526-977E-4D58-A388-C6F07839B8E9}.Debug|Any CPU.ActiveCfg = Debug|Any CPU
		{6D410526-977E-4D58-A388-C6F07839B8E9}.Debug|Any CPU.Build.0 = Debug|Any CPU
		{6D410526-977E-4D58-A388-C6F07839B8E9}.Release|Any CPU.ActiveCfg = Release|Any CPU
		{6D410526-977E-4D58-A388-C6F07839B8E9}.Release|Any CPU.Build.0 = Release|Any CPU
	EndGlobalSection
	GlobalSection(SolutionProperties) = preSolution
		HideSolutionNode = FALSE
	EndGlobalSection
	GlobalSection(NestedProjects) = preSolution
		{6D410526-977E-4D58-A388-C6F07839B8E9} = {F5FA60A6-CF1C-48BA-9426-24D775405C09}
	EndGlobalSection
	GlobalSection(ExtensibilityGlobals) = postSolution
		SolutionGuid = {A69ECC3E-BCC6-46AA-A0E1-56CB4D4171E6}
	EndGlobalSection
EndGlobal
